
Microsoft Visual Studio Solution File, Format Version 12.00
# Visual Studio Version 17
VisualStudioVersion = 17.13.35828.75
MinimumVisualStudioVersion = 10.0.40219.1
Project("{2150E333-8FDC-42A3-9474-1A3956D46DE8}") = "Domain", "Domain", "{02EA681E-C7D8-13C7-8484-4AC65E1B71E8}"
EndProject
Project("{2150E333-8FDC-42A3-9474-1A3956D46DE8}") = "Api", "Api", "{A066CD29-DFC0-4B03-9484-777760A285A4}"
EndProject
Project("{2150E333-8FDC-42A3-9474-1A3956D46DE8}") = "Infra", "Infra", "{28BE58D9-D6CA-493D-9463-F7D5EEA5F354}"
EndProject
Project("{2150E333-8FDC-42A3-9474-1A3956D46DE8}") = "Application", "Application", "{DA647602-63B0-4DD8-AA50-B9C47B961535}"
EndProject
Project("{2150E333-8FDC-42A3-9474-1A3956D46DE8}") = "Test", "Test", "{004B130F-7927-46AF-8706-1F23295A6022}"
EndProject
Project("{FAE04EC0-301F-11D3-BF4B-00C04F79EFBC}") = "Kosmoeye-Api.Api", "Kosmoeye-Api.Api\Kosmoeye-Api.Api.csproj", "{5E19AB89-E885-4D7F-ABEF-8477E2BBCB04}"
EndProject
Project("{FAE04EC0-301F-11D3-BF4B-00C04F79EFBC}") = "Kosmoeye-Api.Application", "Kosmoeye-Api.Application\Kosmoeye-Api.Application.csproj", "{45EBCC52-7F13-4C66-89E6-980CA3C2D1FA}"
EndProject
Project("{FAE04EC0-301F-11D3-BF4B-00C04F79EFBC}") = "Kosmoeye-Api.Domain", "Kosmoeye-Api.Domain\Kosmoeye-Api.Domain.csproj", "{17AA8B7B-0AC8-4DB0-9352-DB64810DB00D}"
EndProject
Project("{FAE04EC0-301F-11D3-BF4B-00C04F79EFBC}") = "Kosmoeye-Api.Infrastructure", "Kosmoeye-Api.Infrastructure\Kosmoeye-Api.Infrastructure.csproj", "{F1BD5A6E-4B10-4C8B-923B-52218DD06128}"
EndProject
Project("{FAE04EC0-301F-11D3-BF4B-00C04F79EFBC}") = "Kosmoeye-Api.Tests", "Kosmoeye-Api.Tests\Kosmoeye-Api.Tests.csproj", "{52D08422-4589-4E78-96D8-8B85BB7E994D}"
EndProject
Global
	GlobalSection(SolutionConfigurationPlatforms) = preSolution
		Debug|Any CPU = Debug|Any CPU
		Release|Any CPU = Release|Any CPU
	EndGlobalSection
	GlobalSection(ProjectConfigurationPlatforms) = postSolution
		{5E19AB89-E885-4D7F-ABEF-8477E2BBCB04}.Debug|Any CPU.ActiveCfg = Debug|Any CPU
		{5E19AB89-E885-4D7F-ABEF-8477E2BBCB04}.Debug|Any CPU.Build.0 = Debug|Any CPU
		{5E19AB89-E885-4D7F-ABEF-8477E2BBCB04}.Release|Any CPU.ActiveCfg = Release|Any CPU
		{5E19AB89-E885-4D7F-ABEF-8477E2BBCB04}.Release|Any CPU.Build.0 = Release|Any CPU
		{45EBCC52-7F13-4C66-89E6-980CA3C2D1FA}.Debug|Any CPU.ActiveCfg = Debug|Any CPU
		{45EBCC52-7F13-4C66-89E6-980CA3C2D1FA}.Debug|Any CPU.Build.0 = Debug|Any CPU
		{45EBCC52-7F13-4C66-89E6-980CA3C2D1FA}.Release|Any CPU.ActiveCfg = Release|Any CPU
		{45EBCC52-7F13-4C66-89E6-980CA3C2D1FA}.Release|Any CPU.Build.0 = Release|Any CPU
		{17AA8B7B-0AC8-4DB0-9352-DB64810DB00D}.Debug|Any CPU.ActiveCfg = Debug|Any CPU
		{17AA8B7B-0AC8-4DB0-9352-DB64810DB00D}.Debug|Any CPU.Build.0 = Debug|Any CPU
		{17AA8B7B-0AC8-4DB0-9352-DB64810DB00D}.Release|Any CPU.ActiveCfg = Release|Any CPU
		{17AA8B7B-0AC8-4DB0-9352-DB64810DB00D}.Release|Any CPU.Build.0 = Release|Any CPU
		{F1BD5A6E-4B10-4C8B-923B-52218DD06128}.Debug|Any CPU.ActiveCfg = Debug|Any CPU
		{F1BD5A6E-4B10-4C8B-923B-52218DD06128}.Debug|Any CPU.Build.0 = Debug|Any CPU
		{F1BD5A6E-4B10-4C8B-923B-52218DD06128}.Release|Any CPU.ActiveCfg = Release|Any CPU
		{F1BD5A6E-4B10-4C8B-923B-52218DD06128}.Release|Any CPU.Build.0 = Release|Any CPU
		{52D08422-4589-4E78-96D8-8B85BB7E994D}.Debug|Any CPU.ActiveCfg = Debug|Any CPU
		{52D08422-4589-4E78-96D8-8B85BB7E994D}.Debug|Any CPU.Build.0 = Debug|Any CPU
		{52D08422-4589-4E78-96D8-8B85BB7E994D}.Release|Any CPU.ActiveCfg = Release|Any CPU
		{52D08422-4589-4E78-96D8-8B85BB7E994D}.Release|Any CPU.Build.0 = Release|Any CPU
	EndGlobalSection
	GlobalSection(SolutionProperties) = preSolution
		HideSolutionNode = FALSE
	EndGlobalSection
	GlobalSection(NestedProjects) = preSolution
		{5E19AB89-E885-4D7F-ABEF-8477E2BBCB04} = {A066CD29-DFC0-4B03-9484-777760A285A4}
		{45EBCC52-7F13-4C66-89E6-980CA3C2D1FA} = {DA647602-63B0-4DD8-AA50-B9C47B961535}
		{17AA8B7B-0AC8-4DB0-9352-DB64810DB00D} = {02EA681E-C7D8-13C7-8484-4AC65E1B71E8}
		{F1BD5A6E-4B10-4C8B-923B-52218DD06128} = {28BE58D9-D6CA-493D-9463-F7D5EEA5F354}
		{52D08422-4589-4E78-96D8-8B85BB7E994D} = {004B130F-7927-46AF-8706-1F23295A6022}
	EndGlobalSection
	GlobalSection(ExtensibilityGlobals) = postSolution
		SolutionGuid = {34695A4B-A2BD-43D8-8B00-ECFB18F12CD4}
	EndGlobalSection
EndGlobal
